
Microsoft Visual Studio Solution File, Format Version 12.00
# Visual Studio Version 17
VisualStudioVersion = 17.5.33530.505
MinimumVisualStudioVersion = 10.0.40219.1
Project("{9A19103F-16F7-4668-BE54-9A1E7A4F7556}") = "GeraTestes.Dominio", "GeraTestes.Dominio\GeraTestes.Dominio.csproj", "{2EA35030-BDDA-4427-95D8-3ED80B395795}"
EndProject
Project("{9A19103F-16F7-4668-BE54-9A1E7A4F7556}") = "GeraTestes.Aplicacao", "GeraTestes.Aplicacao\GeraTestes.Aplicacao.csproj", "{458FC11E-F1EA-4C2E-974D-3BB2D717D2C9}"
EndProject
Project("{9A19103F-16F7-4668-BE54-9A1E7A4F7556}") = "GeraTestes.WinApp", "GeraTestes.WinApp\GeraTestes.WinApp.csproj", "{30371E90-FEF1-4D5E-92A0-BCCE2E1CC7DD}"
EndProject
Project("{2150E333-8FDC-42A3-9474-1A3956D46DE8}") = "1 - Apresentação", "1 - Apresentação", "{A22DAED3-63B9-465B-946A-C8734ED44C05}"
EndProject
Project("{2150E333-8FDC-42A3-9474-1A3956D46DE8}") = "2 - Serviços", "2 - Serviços", "{5AD787E3-48D3-4444-B79B-09AA25464F13}"
EndProject
Project("{2150E333-8FDC-42A3-9474-1A3956D46DE8}") = "3 - Dominio", "3 - Dominio", "{C15CAEF8-09A6-4843-A232-9BA498A97822}"
EndProject
Project("{2150E333-8FDC-42A3-9474-1A3956D46DE8}") = "4 - Infraestrutura", "4 - Infraestrutura", "{2CA2A524-20A9-423C-AD1D-49B6BC133F30}"
EndProject
Project("{2150E333-8FDC-42A3-9474-1A3956D46DE8}") = "4.1 - Acesso a Dados", "4.1 - Acesso a Dados", "{3EF8FBB5-3005-498B-936E-20DC51FFB9ED}"
EndProject
Project("{2150E333-8FDC-42A3-9474-1A3956D46DE8}") = "4.2 - PDF", "4.2 - PDF", "{19FCBACD-086B-4931-B63A-9B2FCAD203D2}"
EndProject
Project("{9A19103F-16F7-4668-BE54-9A1E7A4F7556}") = "GeraTestes.Infra.Pdf", "GeraTestes.Infra.Pdf\GeraTestes.Infra.Pdf.csproj", "{180CFD63-F9C8-478A-BB1F-2840D4EBE423}"
EndProject
Global
	GlobalSection(SolutionConfigurationPlatforms) = preSolution
		Debug|Any CPU = Debug|Any CPU
		Release|Any CPU = Release|Any CPU
	EndGlobalSection
	GlobalSection(ProjectConfigurationPlatforms) = postSolution
		{2EA35030-BDDA-4427-95D8-3ED80B395795}.Debug|Any CPU.ActiveCfg = Debug|Any CPU
		{2EA35030-BDDA-4427-95D8-3ED80B395795}.Debug|Any CPU.Build.0 = Debug|Any CPU
		{2EA35030-BDDA-4427-95D8-3ED80B395795}.Release|Any CPU.ActiveCfg = Release|Any CPU
		{2EA35030-BDDA-4427-95D8-3ED80B395795}.Release|Any CPU.Build.0 = Release|Any CPU
		{458FC11E-F1EA-4C2E-974D-3BB2D717D2C9}.Debug|Any CPU.ActiveCfg = Debug|Any CPU
		{458FC11E-F1EA-4C2E-974D-3BB2D717D2C9}.Debug|Any CPU.Build.0 = Debug|Any CPU
		{458FC11E-F1EA-4C2E-974D-3BB2D717D2C9}.Release|Any CPU.ActiveCfg = Release|Any CPU
		{458FC11E-F1EA-4C2E-974D-3BB2D717D2C9}.Release|Any CPU.Build.0 = Release|Any CPU
		{30371E90-FEF1-4D5E-92A0-BCCE2E1CC7DD}.Debug|Any CPU.ActiveCfg = Debug|Any CPU
		{30371E90-FEF1-4D5E-92A0-BCCE2E1CC7DD}.Debug|Any CPU.Build.0 = Debug|Any CPU
		{30371E90-FEF1-4D5E-92A0-BCCE2E1CC7DD}.Release|Any CPU.ActiveCfg = Release|Any CPU
		{30371E90-FEF1-4D5E-92A0-BCCE2E1CC7DD}.Release|Any CPU.Build.0 = Release|Any CPU
		{180CFD63-F9C8-478A-BB1F-2840D4EBE423}.Debug|Any CPU.ActiveCfg = Debug|Any CPU
		{180CFD63-F9C8-478A-BB1F-2840D4EBE423}.Debug|Any CPU.Build.0 = Debug|Any CPU
		{180CFD63-F9C8-478A-BB1F-2840D4EBE423}.Release|Any CPU.ActiveCfg = Release|Any CPU
		{180CFD63-F9C8-478A-BB1F-2840D4EBE423}.Release|Any CPU.Build.0 = Release|Any CPU
	EndGlobalSection
	GlobalSection(SolutionProperties) = preSolution
		HideSolutionNode = FALSE
	EndGlobalSection
	GlobalSection(NestedProjects) = preSolution
		{2EA35030-BDDA-4427-95D8-3ED80B395795} = {C15CAEF8-09A6-4843-A232-9BA498A97822}
		{458FC11E-F1EA-4C2E-974D-3BB2D717D2C9} = {5AD787E3-48D3-4444-B79B-09AA25464F13}
		{30371E90-FEF1-4D5E-92A0-BCCE2E1CC7DD} = {A22DAED3-63B9-465B-946A-C8734ED44C05}
		{3EF8FBB5-3005-498B-936E-20DC51FFB9ED} = {2CA2A524-20A9-423C-AD1D-49B6BC133F30}
		{19FCBACD-086B-4931-B63A-9B2FCAD203D2} = {2CA2A524-20A9-423C-AD1D-49B6BC133F30}
		{180CFD63-F9C8-478A-BB1F-2840D4EBE423} = {19FCBACD-086B-4931-B63A-9B2FCAD203D2}
	EndGlobalSection
	GlobalSection(ExtensibilityGlobals) = postSolution
		SolutionGuid = {65347561-73DD-456D-A401-D240F3B35470}
	EndGlobalSection
EndGlobal
